
Microsoft Visual Studio Solution File, Format Version 12.00
# Visual Studio Version 17
VisualStudioVersion = 17.4.33103.184
MinimumVisualStudioVersion = 10.0.40219.1
Project("{9A19103F-16F7-4668-BE54-9A1E7A4F7556}") = "Core.DAL", "Core.DAL\Core.DAL.csproj", "{1584B464-5D47-4629-9034-DA150522C50C}"
EndProject
Project("{9A19103F-16F7-4668-BE54-9A1E7A4F7556}") = "Core.WebApi", "Core.WebApi\Core.WebApi.csproj", "{B3C70CD0-EC5C-4276-A293-89B91D838312}"
EndProject
Project("{9A19103F-16F7-4668-BE54-9A1E7A4F7556}") = "Core.BLL", "Core.BLL\Core.BLL.csproj", "{4A4C9FE0-5D2E-4424-863D-9F7FD1133A18}"
EndProject
Project("{9A19103F-16F7-4668-BE54-9A1E7A4F7556}") = "Core.Server", "Core.Server\Core.Server.csproj", "{F3C9E709-B384-4B97-B72B-931A47E383BA}"
EndProject
Project("{9A19103F-16F7-4668-BE54-9A1E7A4F7556}") = "Core.React.UI", "Core.React.UI\Core.React.UI.csproj", "{E4DF7705-223F-4B88-A080-FE1CE5600FF9}"
EndProject
Project("{9A19103F-16F7-4668-BE54-9A1E7A4F7556}") = "Core.Angular.UI", "Core.Angular.UI\Core.Angular.UI.csproj", "{67ED71F7-2F1A-4805-885B-73D856BAB225}"
EndProject
Project("{E53339B2-1760-4266-BCC7-CA923CBCF16C}") = "docker-compose", "docker-compose.dcproj", "{6C35A602-22E6-4FB0-853F-FE4C084E4131}"
EndProject
Project("{2150E333-8FDC-42A3-9474-1A3956D46DE8}") = "Solution Items", "Solution Items", "{9E776A8B-17CA-46FC-8BC8-90B80B6B50AB}"
	ProjectSection(SolutionItems) = preProject
		.dockerignore = .dockerignore
		.gitignore = .gitignore
		Dockerfile = Dockerfile
		readme.md = readme.md
	EndProjectSection
EndProject
Project("{F2A71F9B-5D33-465A-A702-920D77279786}") = "Core.Vue.UI", "Core.Vue.UI\Core.Vue.UI.fsproj", "{DA28C14A-1092-4F7B-AB46-590AF8499905}"
EndProject
Global
	GlobalSection(SolutionConfigurationPlatforms) = preSolution
		Debug|Any CPU = Debug|Any CPU
		Release|Any CPU = Release|Any CPU
	EndGlobalSection
	GlobalSection(ProjectConfigurationPlatforms) = postSolution
		{1584B464-5D47-4629-9034-DA150522C50C}.Debug|Any CPU.ActiveCfg = Debug|Any CPU
		{1584B464-5D47-4629-9034-DA150522C50C}.Debug|Any CPU.Build.0 = Debug|Any CPU
		{1584B464-5D47-4629-9034-DA150522C50C}.Release|Any CPU.ActiveCfg = Release|Any CPU
		{1584B464-5D47-4629-9034-DA150522C50C}.Release|Any CPU.Build.0 = Release|Any CPU
		{B3C70CD0-EC5C-4276-A293-89B91D838312}.Debug|Any CPU.ActiveCfg = Debug|Any CPU
		{B3C70CD0-EC5C-4276-A293-89B91D838312}.Debug|Any CPU.Build.0 = Debug|Any CPU
		{B3C70CD0-EC5C-4276-A293-89B91D838312}.Release|Any CPU.ActiveCfg = Release|Any CPU
		{B3C70CD0-EC5C-4276-A293-89B91D838312}.Release|Any CPU.Build.0 = Release|Any CPU
		{4A4C9FE0-5D2E-4424-863D-9F7FD1133A18}.Debug|Any CPU.ActiveCfg = Debug|Any CPU
		{4A4C9FE0-5D2E-4424-863D-9F7FD1133A18}.Debug|Any CPU.Build.0 = Debug|Any CPU
		{4A4C9FE0-5D2E-4424-863D-9F7FD1133A18}.Release|Any CPU.ActiveCfg = Release|Any CPU
		{4A4C9FE0-5D2E-4424-863D-9F7FD1133A18}.Release|Any CPU.Build.0 = Release|Any CPU
		{F3C9E709-B384-4B97-B72B-931A47E383BA}.Debug|Any CPU.ActiveCfg = Debug|Any CPU
		{F3C9E709-B384-4B97-B72B-931A47E383BA}.Debug|Any CPU.Build.0 = Debug|Any CPU
		{F3C9E709-B384-4B97-B72B-931A47E383BA}.Release|Any CPU.ActiveCfg = Release|Any CPU
		{F3C9E709-B384-4B97-B72B-931A47E383BA}.Release|Any CPU.Build.0 = Release|Any CPU
		{E4DF7705-223F-4B88-A080-FE1CE5600FF9}.Debug|Any CPU.ActiveCfg = Debug|Any CPU
		{E4DF7705-223F-4B88-A080-FE1CE5600FF9}.Debug|Any CPU.Build.0 = Debug|Any CPU
		{E4DF7705-223F-4B88-A080-FE1CE5600FF9}.Release|Any CPU.ActiveCfg = Release|Any CPU
		{E4DF7705-223F-4B88-A080-FE1CE5600FF9}.Release|Any CPU.Build.0 = Release|Any CPU
		{67ED71F7-2F1A-4805-885B-73D856BAB225}.Debug|Any CPU.ActiveCfg = Debug|Any CPU
		{67ED71F7-2F1A-4805-885B-73D856BAB225}.Debug|Any CPU.Build.0 = Debug|Any CPU
		{67ED71F7-2F1A-4805-885B-73D856BAB225}.Release|Any CPU.ActiveCfg = Release|Any CPU
		{67ED71F7-2F1A-4805-885B-73D856BAB225}.Release|Any CPU.Build.0 = Release|Any CPU
		{6C35A602-22E6-4FB0-853F-FE4C084E4131}.Debug|Any CPU.ActiveCfg = Debug|Any CPU
		{6C35A602-22E6-4FB0-853F-FE4C084E4131}.Debug|Any CPU.Build.0 = Debug|Any CPU
		{6C35A602-22E6-4FB0-853F-FE4C084E4131}.Release|Any CPU.ActiveCfg = Release|Any CPU
		{6C35A602-22E6-4FB0-853F-FE4C084E4131}.Release|Any CPU.Build.0 = Release|Any CPU
		{DA28C14A-1092-4F7B-AB46-590AF8499905}.Debug|Any CPU.ActiveCfg = Debug|Any CPU
		{DA28C14A-1092-4F7B-AB46-590AF8499905}.Debug|Any CPU.Build.0 = Debug|Any CPU
		{DA28C14A-1092-4F7B-AB46-590AF8499905}.Release|Any CPU.ActiveCfg = Release|Any CPU
		{DA28C14A-1092-4F7B-AB46-590AF8499905}.Release|Any CPU.Build.0 = Release|Any CPU
	EndGlobalSection
	GlobalSection(SolutionProperties) = preSolution
		HideSolutionNode = FALSE
	EndGlobalSection
	GlobalSection(ExtensibilityGlobals) = postSolution
		SolutionGuid = {1106B1C6-D5B1-4E92-B1BD-475EF15CE611}
	EndGlobalSection
EndGlobal
